{
  "release": "v1.20260826.1",
  "version": "1.20260826.1",
  "versionOutput": "workerd 2026-08-26",
  "binarySourceUrl": "https://github.com/cloudflare/workerd/releases/download/v1.20260826.1/workerd-darwin-arm64.gz",
  "package": null,
  "artifact": {
    "name": "workerd-darwin-arm64.gz",
    "url": "https://github.com/cloudflare/workerd/releases/download/v1.20260826.1/workerd-darwin-arm64.gz",
    "sha256": "22657ec7045a3677b7f52e97f106fe0493add57810687e755e8c6f4fba4b1dba"
  },
  "binary": {
    "name": "workerd",
    "sha256": "2d17da54d2671d6e9e7c776d56b934f60be8c140b9bac35ddf22f60d6cff9403"
  },
  "sha256": "2d17da54d2671d6e9e7c776d56b934f60be8c140b9bac35ddf22f60d6cff9403",
  "targetOs": "darwin",
  "targetArch": "arm64",
  "compatibilityDate": "2026-08-22",
  "requiredProcessFlags": ["--experimental"],
  "compatibilityFlags": ["nodejs_compat", "rpc", "enable_ctx_exports", "experimental"],
  "upstream": {
    "commitOrTag": "v1.20260826.1",
    "releaseUrl": "https://github.com/cloudflare/workerd/releases/tag/v1.20260826.1",
    "releaseNotesUrl": "https://github.com/cloudflare/workerd/releases/tag/v1.20260826.1"
  }
}
